# THIS IS AN AUTOGENERATED FILE. DO NOT EDIT THIS FILE DIRECTLY.
# yarn lockfile v1


"@babel/runtime-corejs2@^7.0.0":
  version "7.1.5"
  resolved "https://registry.yarnpkg.com/@babel/runtime-corejs2/-/runtime-corejs2-7.1.5.tgz#ec8341c9aec71d1139c985327314739d66b204a0"
  integrity sha512-WsYRwQsFhVmxkAqwypPTZyV9GpkqMEaAr2zOItOmqSX2GBFaI+eq98CN81e13o0zaUKJOQGYyjhNVqj56nnkYg==
  dependencies:
    core-js "^2.5.7"
    regenerator-runtime "^0.12.0"

core-js@^2.5.7:
  version "2.5.7"
  resolved "https://registry.yarnpkg.com/core-js/-/core-js-2.5.7.tgz#f972608ff0cead68b841a16a932d0b183791814e"
  integrity sha512-RszJCAxg/PP6uzXVXL6BsxSXx/B05oJAQ2vkJRjyjrEcNVycaqOmNb5OTxZPE3xa5gwZduqza6L9JOCenh/Ecw==

react-on-rails@11.1.8:
  version "11.1.8"
  resolved "https://registry.yarnpkg.com/react-on-rails/-/react-on-rails-11.1.8.tgz#6d5ba72a514cac4ea4efddd8a80f61909d3e9bd7"
  integrity sha512-vc4uw9IiDZcU4v8CwZEXOd4fVyp1Tu3LCcp9nKS4q3ffr/Ea+jphc+TrqR3nkVOAfcl67UciIDAjXrrnFezJVA==
  dependencies:
    "@babel/runtime-corejs2" "^7.0.0"

regenerator-runtime@^0.12.0:
  version "0.12.1"
  resolved "https://registry.yarnpkg.com/regenerator-runtime/-/regenerator-runtime-0.12.1.tgz#fa1a71544764c036f8c49b13a08b2594c9f8a0de"
  integrity sha512-odxIc1/vDlo4iZcfXqRYFj0vpXFNoGdKMAUieAlFYO6m/nl5e9KR/beGf41z4a1FI+aQgtjhuaSlDxQ0hmkrHg==
